
Microsoft Visual Studio Solution File, Format Version 12.00
# Visual Studio Version 17
VisualStudioVersion = 17.6.33829.357
MinimumVisualStudioVersion = 10.0.40219.1
Project("{9A19103F-16F7-4668-BE54-9A1E7A4F7556}") = "HelpingHands", "HelpingHands\HelpingHands.csproj", "{0F6A93D0-FC0B-4A8C-801E-9833FF86CEF7}"
EndProject
Project("{2150E333-8FDC-42A3-9474-1A3956D46DE8}") = "Solution Items", "Solution Items", "{16E35A9F-2929-4D3A-A152-E36CD5FDE40C}"
	ProjectSection(SolutionItems) = preProject
		.editorconfig = .editorconfig
	EndProjectSection
EndProject
Global
	GlobalSection(SolutionConfigurationPlatforms) = preSolution
		Debug|Any CPU = Debug|Any CPU
		Release|Any CPU = Release|Any CPU
	EndGlobalSection
	GlobalSection(ProjectConfigurationPlatforms) = postSolution
		{0F6A93D0-FC0B-4A8C-801E-9833FF86CEF7}.Debug|Any CPU.ActiveCfg = Debug|Any CPU
		{0F6A93D0-FC0B-4A8C-801E-9833FF86CEF7}.Debug|Any CPU.Build.0 = Debug|Any CPU
		{0F6A93D0-FC0B-4A8C-801E-9833FF86CEF7}.Release|Any CPU.ActiveCfg = Release|Any CPU
		{0F6A93D0-FC0B-4A8C-801E-9833FF86CEF7}.Release|Any CPU.Build.0 = Release|Any CPU
	EndGlobalSection
	GlobalSection(SolutionProperties) = preSolution
		HideSolutionNode = FALSE
	EndGlobalSection
	GlobalSection(ExtensibilityGlobals) = postSolution
		SolutionGuid = {B51FAD62-CC04-4073-9C9A-954C41A1F1C0}
	EndGlobalSection
EndGlobal
